
Microsoft Visual Studio Solution File, Format Version 12.00
# Visual Studio 2012
Project("{FAE04EC0-301F-11D3-BF4B-00C04F79EFBC}") = "SliderSurvey", "SliderSurvey\SliderSurvey.csproj", "{DDAD1849-08FC-451E-91DA-39F12D59C834}"
EndProject
Project("{FAE04EC0-301F-11D3-BF4B-00C04F79EFBC}") = "SliderSurvey.Tests", "SliderSurvey.Tests\SliderSurvey.Tests.csproj", "{2F70A0A3-1772-4F7A-A00F-2196C9222CC1}"
EndProject
Global
	GlobalSection(SolutionConfigurationPlatforms) = preSolution
		Debug|Any CPU = Debug|Any CPU
		Release|Any CPU = Release|Any CPU
	EndGlobalSection
	GlobalSection(ProjectConfigurationPlatforms) = postSolution
		{DDAD1849-08FC-451E-91DA-39F12D59C834}.Debug|Any CPU.ActiveCfg = Debug|Any CPU
		{DDAD1849-08FC-451E-91DA-39F12D59C834}.Debug|Any CPU.Build.0 = Debug|Any CPU
		{DDAD1849-08FC-451E-91DA-39F12D59C834}.Release|Any CPU.ActiveCfg = Release|Any CPU
		{DDAD1849-08FC-451E-91DA-39F12D59C834}.Release|Any CPU.Build.0 = Release|Any CPU
		{2F70A0A3-1772-4F7A-A00F-2196C9222CC1}.Debug|Any CPU.ActiveCfg = Debug|Any CPU
		{2F70A0A3-1772-4F7A-A00F-2196C9222CC1}.Debug|Any CPU.Build.0 = Debug|Any CPU
		{2F70A0A3-1772-4F7A-A00F-2196C9222CC1}.Release|Any CPU.ActiveCfg = Release|Any CPU
		{2F70A0A3-1772-4F7A-A00F-2196C9222CC1}.Release|Any CPU.Build.0 = Release|Any CPU
	EndGlobalSection
	GlobalSection(SolutionProperties) = preSolution
		HideSolutionNode = FALSE
	EndGlobalSection
EndGlobal
